
Microsoft Visual Studio Solution File, Format Version 12.00
# Visual Studio Version 16
VisualStudioVersion = 16.0.28714.193
MinimumVisualStudioVersion = 10.0.40219.1
Project("{8BC9CEB8-8B4A-11D0-8D11-00A0C91BC942}") = "recognition-c-RISCV-vs2019", "recognition-c-RISCV-vs2019.vcxproj", "{74960874-79EE-47FC-8430-24E63A830335}"
EndProject
Global
	GlobalSection(SolutionConfigurationPlatforms) = preSolution
		Debug|x64 = Debug|x64
		Debug|x86 = Debug|x86
		Release|x64 = Release|x64
		Release|x86 = Release|x86
	EndGlobalSection
	GlobalSection(ProjectConfigurationPlatforms) = postSolution
		{74960874-79EE-47FC-8430-24E63A830335}.Debug|x64.ActiveCfg = Debug|x64
		{74960874-79EE-47FC-8430-24E63A830335}.Debug|x64.Build.0 = Debug|x64
		{74960874-79EE-47FC-8430-24E63A830335}.Debug|x86.ActiveCfg = Debug|Win32
		{74960874-79EE-47FC-8430-24E63A830335}.Debug|x86.Build.0 = Debug|Win32
		{74960874-79EE-47FC-8430-24E63A830335}.Release|x64.ActiveCfg = Release|x64
		{74960874-79EE-47FC-8430-24E63A830335}.Release|x64.Build.0 = Release|x64
		{74960874-79EE-47FC-8430-24E63A830335}.Release|x86.ActiveCfg = Release|Win32
		{74960874-79EE-47FC-8430-24E63A830335}.Release|x86.Build.0 = Release|Win32
	EndGlobalSection
	GlobalSection(SolutionProperties) = preSolution
		HideSolutionNode = FALSE
	EndGlobalSection
	GlobalSection(ExtensibilityGlobals) = postSolution
		SolutionGuid = {0D6895B8-7E1F-4F88-BA6E-C90F50B1CABA}
	EndGlobalSection
EndGlobal
